// !$*UTF8*$!
{
	archiveVersion = 1;
	classes = {
	};
	objectVersion = 46;
	objects = {

/* Begin PBXBuildFile section */
		7928BD6E1E0273A4009BB0B4 /* main.m in Sources */ = {isa = PBXBuildFile; fileRef = 7928BD6D1E0273A4009BB0B4 /* main.m */; };
		7928BD711E0273A4009BB0B4 /* AppDelegate.m in Sources */ = {isa = PBXBuildFile; fileRef = 7928BD701E0273A4009BB0B4 /* AppDelegate.m */; };
		7928BD741E0273A4009BB0B4 /* ViewController.m in Sources */ = {isa = PBXBuildFile; fileRef = 7928BD731E0273A4009BB0B4 /* ViewController.m */; };
		7928BD771E0273A4009BB0B4 /* Main.storyboard in Resources */ = {isa = PBXBuildFile; fileRef = 7928BD751E0273A4009BB0B4 /* Main.storyboard */; };
		7928BD791E0273A4009BB0B4 /* Assets.xcassets in Resources */ = {isa = PBXBuildFile; fileRef = 7928BD781E0273A4009BB0B4 /* Assets.xcassets */; };
		7928BD7C1E0273A4009BB0B4 /* LaunchScreen.storyboard in Resources */ = {isa = PBXBuildFile; fileRef = 7928BD7A1E0273A4009BB0B4 /* LaunchScreen.storyboard */; };
		7928BD871E0273A4009BB0B4 /* ATT__Tests.m in Sources */ = {isa = PBXBuildFile; fileRef = 7928BD861E0273A4009BB0B4 /* ATT__Tests.m */; };
		7928BD921E0273A4009BB0B4 /* ATT__UITests.m in Sources */ = {isa = PBXBuildFile; fileRef = 7928BD911E0273A4009BB0B4 /* ATT__UITests.m */; };
/* End PBXBuildFile section */

/* Begin PBXContainerItemProxy section */
		7928BD831E0273A4009BB0B4 /* PBXContainerItemProxy */ = {
			isa = PBXContainerItemProxy;
			containerPortal = 7928BD611E0273A4009BB0B4 /* Project object */;
			proxyType = 1;
			remoteGlobalIDString = 7928BD681E0273A4009BB0B4;
			remoteInfo = "ATT考勤";
		};
		7928BD8E1E0273A4009BB0B4 /* PBXContainerItemProxy */ = {
			isa = PBXContainerItemProxy;
			containerPortal = 7928BD611E0273A4009BB0B4 /* Project object */;
			proxyType = 1;
			remoteGlobalIDString = 7928BD681E0273A4009BB0B4;
			remoteInfo = "ATT考勤";
		};
/* End PBXContainerItemProxy section */

/* Begin PBXFileReference section */
		7928BD691E0273A4009BB0B4 /* ATT考勤.app */ = {isa = PBXFileReference; explicitFileType = wrapper.application; includeInIndex = 0; path = "ATT考勤.app"; sourceTree = BUILT_PRODUCTS_DIR; };
		7928BD6D1E0273A4009BB0B4 /* main.m */ = {isa = PBXFileReference; lastKnownFileType = sourcecode.c.objc; path = main.m; sourceTree = "<group>"; };
		7928BD6F1E0273A4009BB0B4 /* AppDelegate.h */ = {isa = PBXFileReference; lastKnownFileType = sourcecode.c.h; path = AppDelegate.h; sourceTree = "<group>"; };
		7928BD701E0273A4009BB0B4 /* AppDelegate.m */ = {isa = PBXFileReference; lastKnownFileType = sourcecode.c.objc; path = AppDelegate.m; sourceTree = "<group>"; };
		7928BD721E0273A4009BB0B4 /* ViewController.h */ = {isa = PBXFileReference; lastKnownFileType = sourcecode.c.h; path = ViewController.h; sourceTree = "<group>"; };
		7928BD731E0273A4009BB0B4 /* ViewController.m */ = {isa = PBXFileReference; lastKnownFileType = sourcecode.c.objc; path = ViewController.m; sourceTree = "<group>"; };
		7928BD761E0273A4009BB0B4 /* Base */ = {isa = PBXFileReference; lastKnownFileType = file.storyboard; name = Base; path = Base.lproj/Main.storyboard; sourceTree = "<group>"; };
		7928BD781E0273A4009BB0B4 /* Assets.xcassets */ = {isa = PBXFileReference; lastKnownFileType = folder.assetcatalog; path = Assets.xcassets; sourceTree = "<group>"; };
		7928BD7B1E0273A4009BB0B4 /* Base */ = {isa = PBXFileReference; lastKnownFileType = file.storyboard; name = Base; path = Base.lproj/LaunchScreen.storyboard; sourceTree = "<group>"; };
		7928BD7D1E0273A4009BB0B4 /* Info.plist */ = {isa = PBXFileReference; lastKnownFileType = text.plist.xml; path = Info.plist; sourceTree = "<group>"; };
		7928BD821E0273A4009BB0B4 /* ATT考勤Tests.xctest */ = {isa = PBXFileReference; explicitFileType = wrapper.cfbundle; includeInIndex = 0; path = "ATT考勤Tests.xctest"; sourceTree = BUILT_PRODUCTS_DIR; };
		7928BD861E0273A4009BB0B4 /* ATT__Tests.m */ = {isa = PBXFileReference; lastKnownFileType = sourcecode.c.objc; path = ATT__Tests.m; sourceTree = "<group>"; };
		7928BD881E0273A4009BB0B4 /* Info.plist */ = {isa = PBXFileReference; lastKnownFileType = text.plist.xml; path = Info.plist; sourceTree = "<group>"; };
		7928BD8D1E0273A4009BB0B4 /* ATT考勤UITests.xctest */ = {isa = PBXFileReference; explicitFileType = wrapper.cfbundle; includeInIndex = 0; path = "ATT考勤UITests.xctest"; sourceTree = BUILT_PRODUCTS_DIR; };
		7928BD911E0273A4009BB0B4 /* ATT__UITests.m */ = {isa = PBXFileReference; lastKnownFileType = sourcecode.c.objc; path = ATT__UITests.m; sourceTree = "<group>"; };
		7928BD931E0273A4009BB0B4 /* Info.plist */ = {isa = PBXFileReference; lastKnownFileType = text.plist.xml; path = Info.plist; sourceTree = "<group>"; };
/* End PBXFileReference section */

/* Begin PBXFrameworksBuildPhase section */
		7928BD661E0273A4009BB0B4 /* Frameworks */ = {
			isa = PBXFrameworksBuildPhase;
			buildActionMask = 2147483647;
			files = (
			);
			runOnlyForDeploymentPostprocessing = 0;
		};
		7928BD7F1E0273A4009BB0B4 /* Frameworks */ = {
			isa = PBXFrameworksBuildPhase;
			buildActionMask = 2147483647;
			files = (
			);
			runOnlyForDeploymentPostprocessing = 0;
		};
		7928BD8A1E0273A4009BB0B4 /* Frameworks */ = {
			isa = PBXFrameworksBuildPhase;
			buildActionMask = 2147483647;
			files = (
			);
			runOnlyForDeploymentPostprocessing = 0;
		};
/* End PBXFrameworksBuildPhase section */

/* Begin PBXGroup section */
		7928BD601E0273A4009BB0B4 = {
			isa = PBXGroup;
			children = (
				7928BD6B1E0273A4009BB0B4 /* ATT考勤 */,
				7928BD851E0273A4009BB0B4 /* ATT考勤Tests */,
				7928BD901E0273A4009BB0B4 /* ATT考勤UITests */,
				7928BD6A1E0273A4009BB0B4 /* Products */,
			);
			sourceTree = "<group>";
		};
		7928BD6A1E0273A4009BB0B4 /* Products */ = {
			isa = PBXGroup;
			children = (
				7928BD691E0273A4009BB0B4 /* ATT考勤.app */,
				7928BD821E0273A4009BB0B4 /* ATT考勤Tests.xctest */,
				7928BD8D1E0273A4009BB0B4 /* ATT考勤UITests.xctest */,
			);
			name = Products;
			sourceTree = "<group>";
		};
		7928BD6B1E0273A4009BB0B4 /* ATT考勤 */ = {
			isa = PBXGroup;
			children = (
				7928BD6F1E0273A4009BB0B4 /* AppDelegate.h */,
				7928BD701E0273A4009BB0B4 /* AppDelegate.m */,
				7928BD721E0273A4009BB0B4 /* ViewController.h */,
				7928BD731E0273A4009BB0B4 /* ViewController.m */,
				7928BD751E0273A4009BB0B4 /* Main.storyboard */,
				7928BD781E0273A4009BB0B4 /* Assets.xcassets */,
				7928BD7A1E0273A4009BB0B4 /* LaunchScreen.storyboard */,
				7928BD7D1E0273A4009BB0B4 /* Info.plist */,
				7928BD6C1E0273A4009BB0B4 /* Supporting Files */,
			);
			path = "ATT考勤";
			sourceTree = "<group>";
		};
		7928BD6C1E0273A4009BB0B4 /* Supporting Files */ = {
			isa = PBXGroup;
			children = (
				7928BD6D1E0273A4009BB0B4 /* main.m */,
			);
			name = "Supporting Files";
			sourceTree = "<group>";
		};
		7928BD851E0273A4009BB0B4 /* ATT考勤Tests */ = {
			isa = PBXGroup;
			children = (
				7928BD861E0273A4009BB0B4 /* ATT__Tests.m */,
				7928BD881E0273A4009BB0B4 /* Info.plist */,
			);
			path = "ATT考勤Tests";
			sourceTree = "<group>";
		};
		7928BD901E0273A4009BB0B4 /* ATT考勤UITests */ = {
			isa = PBXGroup;
			children = (
				7928BD911E0273A4009BB0B4 /* ATT__UITests.m */,
				7928BD931E0273A4009BB0B4 /* Info.plist */,
			);
			path = "ATT考勤UITests";
			sourceTree = "<group>";
		};
/* End PBXGroup section */

/* Begin PBXNativeTarget section */
		7928BD681E0273A4009BB0B4 /* ATT考勤 */ = {
			isa = PBXNativeTarget;
			buildConfigurationList = 7928BD961E0273A4009BB0B4 /* Build configuration list for PBXNativeTarget "ATT考勤" */;
			buildPhases = (
				7928BD651E0273A4009BB0B4 /* Sources */,
				7928BD661E0273A4009BB0B4 /* Frameworks */,
				7928BD671E0273A4009BB0B4 /* Resources */,
			);
			buildRules = (
			);
			dependencies = (
			);
			name = "ATT考勤";
			productName = "ATT考勤";
			productReference = 7928BD691E0273A4009BB0B4 /* ATT考勤.app */;
			productType = "com.apple.product-type.application";
		};
		7928BD811E0273A4009BB0B4 /* ATT考勤Tests */ = {
			isa = PBXNativeTarget;
			buildConfigurationList = 7928BD991E0273A4009BB0B4 /* Build configuration list for PBXNativeTarget "ATT考勤Tests" */;
			buildPhases = (
				7928BD7E1E0273A4009BB0B4 /* Sources */,
				7928BD7F1E0273A4009BB0B4 /* Frameworks */,
				7928BD801E0273A4009BB0B4 /* Resources */,
			);
			buildRules = (
			);
			dependencies = (
				7928BD841E0273A4009BB0B4 /* PBXTargetDependency */,
			);
			name = "ATT考勤Tests";
			productName = "ATT考勤Tests";
			productReference = 7928BD821E0273A4009BB0B4 /* ATT考勤Tests.xctest */;
			productType = "com.apple.product-type.bundle.unit-test";
		};
		7928BD8C1E0273A4009BB0B4 /* ATT考勤UITests */ = {
			isa = PBXNativeTarget;
			buildConfigurationList = 7928BD9C1E0273A4009BB0B4 /* Build configuration list for PBXNativeTarget "ATT考勤UITests" */;
			buildPhases = (
				7928BD891E0273A4009BB0B4 /* Sources */,
				7928BD8A1E0273A4009BB0B4 /* Frameworks */,
				7928BD8B1E0273A4009BB0B4 /* Resources */,
			);
			buildRules = (
			);
			dependencies = (
				7928BD8F1E0273A4009BB0B4 /* PBXTargetDependency */,
			);
			name = "ATT考勤UITests";
			productName = "ATT考勤UITests";
			productReference = 7928BD8D1E0273A4009BB0B4 /* ATT考勤UITests.xctest */;
			productType = "com.apple.product-type.bundle.ui-testing";
		};
/* End PBXNativeTarget section */

/* Begin PBXProject section */
		7928BD611E0273A4009BB0B4 /* Project object */ = {
			isa = PBXProject;
			attributes = {
				LastUpgradeCheck = 0700;
				ORGANIZATIONNAME = Helen;
				TargetAttributes = {
					7928BD681E0273A4009BB0B4 = {
						CreatedOnToolsVersion = 7.0;
						DevelopmentTeam = 7P42T6TU6M;
					};
					7928BD811E0273A4009BB0B4 = {
						CreatedOnToolsVersion = 7.0;
						DevelopmentTeam = 7P42T6TU6M;
						TestTargetID = 7928BD681E0273A4009BB0B4;
					};
					7928BD8C1E0273A4009BB0B4 = {
						CreatedOnToolsVersion = 7.0;
						DevelopmentTeam = 7P42T6TU6M;
						TestTargetID = 7928BD681E0273A4009BB0B4;
					};
				};
			};
			buildConfigurationList = 7928BD641E0273A4009BB0B4 /* Build configuration list for PBXProject "ATT考勤" */;
			compatibilityVersion = "Xcode 3.2";
			developmentRegion = English;
			hasScannedForEncodings = 0;
			knownRegions = (
				en,
				Base,
			);
			mainGroup = 7928BD601E0273A4009BB0B4;
			productRefGroup = 7928BD6A1E0273A4009BB0B4 /* Products */;
			projectDirPath = "";
			projectRoot = "";
			targets = (
				7928BD681E0273A4009BB0B4 /* ATT考勤 */,
				7928BD811E0273A4009BB0B4 /* ATT考勤Tests */,
				7928BD8C1E0273A4009BB0B4 /* ATT考勤UITests */,
			);
		};
/* End PBXProject section */

/* Begin PBXResourcesBuildPhase section */
		7928BD671E0273A4009BB0B4 /* Resources */ = {
			isa = PBXResourcesBuildPhase;
			buildActionMask = 2147483647;
			files = (
				7928BD7C1E0273A4009BB0B4 /* LaunchScreen.storyboard in Resources */,
				7928BD791E0273A4009BB0B4 /* Assets.xcassets in Resources */,
				7928BD771E0273A4009BB0B4 /* Main.storyboard in Resources */,
			);
			runOnlyForDeploymentPostprocessing = 0;
		};
		7928BD801E0273A4009BB0B4 /* Resources */ = {
			isa = PBXResourcesBuildPhase;
			buildActionMask = 2147483647;
			files = (
			);
			runOnlyForDeploymentPostprocessing = 0;
		};
		7928BD8B1E0273A4009BB0B4 /* Resources */ = {
			isa = PBXResourcesBuildPhase;
			buildActionMask = 2147483647;
			files = (
			);
			runOnlyForDeploymentPostprocessing = 0;
		};
/* End PBXResourcesBuildPhase section */

/* Begin PBXSourcesBuildPhase section */
		7928BD651E0273A4009BB0B4 /* Sources */ = {
			isa = PBXSourcesBuildPhase;
			buildActionMask = 2147483647;
			files = (
				7928BD741E0273A4009BB0B4 /* ViewController.m in Sources */,
				7928BD711E0273A4009BB0B4 /* AppDelegate.m in Sources */,
				7928BD6E1E0273A4009BB0B4 /* main.m in Sources */,
			);
			runOnlyForDeploymentPostprocessing = 0;
		};
		7928BD7E1E0273A4009BB0B4 /* Sources */ = {
			isa = PBXSourcesBuildPhase;
			buildActionMask = 2147483647;
			files = (
				7928BD871E0273A4009BB0B4 /* ATT__Tests.m in Sources */,
			);
			runOnlyForDeploymentPostprocessing = 0;
		};
		7928BD891E0273A4009BB0B4 /* Sources */ = {
			isa = PBXSourcesBuildPhase;
			buildActionMask = 2147483647;
			files = (
				7928BD921E0273A4009BB0B4 /* ATT__UITests.m in Sources */,
			);
			runOnlyForDeploymentPostprocessing = 0;
		};
/* End PBXSourcesBuildPhase section */

/* Begin PBXTargetDependency section */
		7928BD841E0273A4009BB0B4 /* PBXTargetDependency */ = {
			isa = PBXTargetDependency;
			target = 7928BD681E0273A4009BB0B4 /* ATT考勤 */;
			targetProxy = 7928BD831E0273A4009BB0B4 /* PBXContainerItemProxy */;
		};
		7928BD8F1E0273A4009BB0B4 /* PBXTargetDependency */ = {
			isa = PBXTargetDependency;
			target = 7928BD681E0273A4009BB0B4 /* ATT考勤 */;
			targetProxy = 7928BD8E1E0273A4009BB0B4 /* PBXContainerItemProxy */;
		};
/* End PBXTargetDependency section */

/* Begin PBXVariantGroup section */
		7928BD751E0273A4009BB0B4 /* Main.storyboard */ = {
			isa = PBXVariantGroup;
			children = (
				7928BD761E0273A4009BB0B4 /* Base */,
			);
			name = Main.storyboard;
			sourceTree = "<group>";
		};
		7928BD7A1E0273A4009BB0B4 /* LaunchScreen.storyboard */ = {
			isa = PBXVariantGroup;
			children = (
				7928BD7B1E0273A4009BB0B4 /* Base */,
			);
			name = LaunchScreen.storyboard;
			sourceTree = "<group>";
		};
/* End PBXVariantGroup section */

/* Begin XCBuildConfiguration section */
		7928BD941E0273A4009BB0B4 /* Debug */ = {
			isa = XCBuildConfiguration;
			buildSettings = {
				ALWAYS_SEARCH_USER_PATHS = NO;
				CLANG_CXX_LANGUAGE_STANDARD = "gnu++0x";
				CLANG_CXX_LIBRARY = "libc++";
				CLANG_ENABLE_MODULES = YES;
				CLANG_ENABLE_OBJC_ARC = YES;
				CLANG_WARN_BOOL_CONVERSION = YES;
				CLANG_WARN_CONSTANT_CONVERSION = YES;
				CLANG_WARN_DIRECT_OBJC_ISA_USAGE = YES_ERROR;
				CLANG_WARN_EMPTY_BODY = YES;
				CLANG_WARN_ENUM_CONVERSION = YES;
				CLANG_WARN_INT_CONVERSION = YES;
				CLANG_WARN_OBJC_ROOT_CLASS = YES_ERROR;
				CLANG_WARN_UNREACHABLE_CODE = YES;
				CLANG_WARN__DUPLICATE_METHOD_MATCH = YES;
				"CODE_SIGN_IDENTITY[sdk=iphoneos*]" = "iPhone Developer";
				COPY_PHASE_STRIP = NO;
				DEBUG_INFORMATION_FORMAT = dwarf;
				ENABLE_STRICT_OBJC_MSGSEND = YES;
				ENABLE_TESTABILITY = YES;
				GCC_C_LANGUAGE_STANDARD = gnu99;
				GCC_DYNAMIC_NO_PIC = NO;
				GCC_NO_COMMON_BLOCKS = YES;
				GCC_OPTIMIZATION_LEVEL = 0;
				GCC_PREPROCESSOR_DEFINITIONS = (
					"DEBUG=1",
					"$(inherited)",
				);
				GCC_WARN_64_TO_32_BIT_CONVERSION = YES;
				GCC_WARN_ABOUT_RETURN_TYPE = YES_ERROR;
				GCC_WARN_UNDECLARED_SELECTOR = YES;
				GCC_WARN_UNINITIALIZED_AUTOS = YES_AGGRESSIVE;
				GCC_WARN_UNUSED_FUNCTION = YES;
				GCC_WARN_UNUSED_VARIABLE = YES;
				IPHONEOS_DEPLOYMENT_TARGET = 9.0;
				MTL_ENABLE_DEBUG_INFO = YES;
				ONLY_ACTIVE_ARCH = YES;
				SDKROOT = iphoneos;
				TARGETED_DEVICE_FAMILY = "1,2";
			};
			name = Debug;
		};
		7928BD951E0273A4009BB0B4 /* Release */ = {
			isa = XCBuildConfiguration;
			buildSettings = {
				ALWAYS_SEARCH_USER_PATHS = NO;
				CLANG_CXX_LANGUAGE_STANDARD = "gnu++0x";
				CLANG_CXX_LIBRARY = "libc++";
				CLANG_ENABLE_MODULES = YES;
				CLANG_ENABLE_OBJC_ARC = YES;
				CLANG_WARN_BOOL_CONVERSION = YES;
				CLANG_WARN_CONSTANT_CONVERSION = YES;
				CLANG_WARN_DIRECT_OBJC_ISA_USAGE = YES_ERROR;
				CLANG_WARN_EMPTY_BODY = YES;
				CLANG_WARN_ENUM_CONVERSION = YES;
				CLANG_WARN_INT_CONVERSION = YES;
				CLANG_WARN_OBJC_ROOT_CLASS = YES_ERROR;
				CLANG_WARN_UNREACHABLE_CODE = YES;
				CLANG_WARN__DUPLICATE_METHOD_MATCH = YES;
				"CODE_SIGN_IDENTITY[sdk=iphoneos*]" = "iPhone Developer";
				COPY_PHASE_STRIP = NO;
				DEBUG_INFORMATION_FORMAT = "dwarf-with-dsym";
				ENABLE_NS_ASSERTIONS = NO;
				ENABLE_STRICT_OBJC_MSGSEND = YES;
				GCC_C_LANGUAGE_STANDARD = gnu99;
				GCC_NO_COMMON_BLOCKS = YES;
				GCC_WARN_64_TO_32_BIT_CONVERSION = YES;
				GCC_WARN_ABOUT_RETURN_TYPE = YES_ERROR;
				GCC_WARN_UNDECLARED_SELECTOR = YES;
				GCC_WARN_UNINITIALIZED_AUTOS = YES_AGGRESSIVE;
				GCC_WARN_UNUSED_FUNCTION = YES;
				GCC_WARN_UNUSED_VARIABLE = YES;
				IPHONEOS_DEPLOYMENT_TARGET = 9.0;
				MTL_ENABLE_DEBUG_INFO = NO;
				SDKROOT = iphoneos;
				TARGETED_DEVICE_FAMILY = "1,2";
				VALIDATE_PRODUCT = YES;
			};
			name = Release;
		};
		7928BD971E0273A4009BB0B4 /* Debug */ = {
			isa = XCBuildConfiguration;
			buildSettings = {
				ASSETCATALOG_COMPILER_APPICON_NAME = AppIcon;
				INFOPLIST_FILE = "ATT考勤/Info.plist";
				LD_RUNPATH_SEARCH_PATHS = "$(inherited) @executable_path/Frameworks";
				PRODUCT_BUNDLE_IDENTIFIER = "Helen.ATT--";
				PRODUCT_NAME = "$(TARGET_NAME)";
			};
			name = Debug;
		};
		7928BD981E0273A4009BB0B4 /* Release */ = {
			isa = XCBuildConfiguration;
			buildSettings = {
				ASSETCATALOG_COMPILER_APPICON_NAME = AppIcon;
				INFOPLIST_FILE = "ATT考勤/Info.plist";
				LD_RUNPATH_SEARCH_PATHS = "$(inherited) @executable_path/Frameworks";
				PRODUCT_BUNDLE_IDENTIFIER = "Helen.ATT--";
				PRODUCT_NAME = "$(TARGET_NAME)";
			};
			name = Release;
		};
		7928BD9A1E0273A4009BB0B4 /* Debug */ = {
			isa = XCBuildConfiguration;
			buildSettings = {
				BUNDLE_LOADER = "$(TEST_HOST)";
				INFOPLIST_FILE = "ATT考勤Tests/Info.plist";
				LD_RUNPATH_SEARCH_PATHS = "$(inherited) @executable_path/Frameworks @loader_path/Frameworks";
				PRODUCT_BUNDLE_IDENTIFIER = "Helen.ATT--Tests";
				PRODUCT_NAME = "$(TARGET_NAME)";
				TEST_HOST = "$(BUILT_PRODUCTS_DIR)/ATT考勤.app/ATT考勤";
			};
			name = Debug;
		};
		7928BD9B1E0273A4009BB0B4 /* Release */ = {
			isa = XCBuildConfiguration;
			buildSettings = {
				BUNDLE_LOADER = "$(TEST_HOST)";
				INFOPLIST_FILE = "ATT考勤Tests/Info.plist";
				LD_RUNPATH_SEARCH_PATHS = "$(inherited) @executable_path/Frameworks @loader_path/Frameworks";
				PRODUCT_BUNDLE_IDENTIFIER = "Helen.ATT--Tests";
				PRODUCT_NAME = "$(TARGET_NAME)";
				TEST_HOST = "$(BUILT_PRODUCTS_DIR)/ATT考勤.app/ATT考勤";
			};
			name = Release;
		};
		7928BD9D1E0273A4009BB0B4 /* Debug */ = {
			isa = XCBuildConfiguration;
			buildSettings = {
				INFOPLIST_FILE = "ATT考勤UITests/Info.plist";
				LD_RUNPATH_SEARCH_PATHS = "$(inherited) @executable_path/Frameworks @loader_path/Frameworks";
				PRODUCT_BUNDLE_IDENTIFIER = "Helen.ATT--UITests";
				PRODUCT_NAME = "$(TARGET_NAME)";
				TEST_TARGET_NAME = "ATT考勤";
				USES_XCTRUNNER = YES;
			};
			name = Debug;
		};
		7928BD9E1E0273A4009BB0B4 /* Release */ = {
			isa = XCBuildConfiguration;
			buildSettings = {
				INFOPLIST_FILE = "ATT考勤UITests/Info.plist";
				LD_RUNPATH_SEARCH_PATHS = "$(inherited) @executable_path/Frameworks @loader_path/Frameworks";
				PRODUCT_BUNDLE_IDENTIFIER = "Helen.ATT--UITests";
				PRODUCT_NAME = "$(TARGET_NAME)";
				TEST_TARGET_NAME = "ATT考勤";
				USES_XCTRUNNER = YES;
			};
			name = Release;
		};
/* End XCBuildConfiguration section */

/* Begin XCConfigurationList section */
		7928BD641E0273A4009BB0B4 /* Build configuration list for PBXProject "ATT考勤" */ = {
			isa = XCConfigurationList;
			buildConfigurations = (
				7928BD941E0273A4009BB0B4 /* Debug */,
				7928BD951E0273A4009BB0B4 /* Release */,
			);
			defaultConfigurationIsVisible = 0;
			defaultConfigurationName = Release;
		};
		7928BD961E0273A4009BB0B4 /* Build configuration list for PBXNativeTarget "ATT考勤" */ = {
			isa = XCConfigurationList;
			buildConfigurations = (
				7928BD971E0273A4009BB0B4 /* Debug */,
				7928BD981E0273A4009BB0B4 /* Release */,
			);
			defaultConfigurationIsVisible = 0;
		};
		7928BD991E0273A4009BB0B4 /* Build configuration list for PBXNativeTarget "ATT考勤Tests" */ = {
			isa = XCConfigurationList;
			buildConfigurations = (
				7928BD9A1E0273A4009BB0B4 /* Debug */,
				7928BD9B1E0273A4009BB0B4 /* Release */,
			);
			defaultConfigurationIsVisible = 0;
		};
		7928BD9C1E0273A4009BB0B4 /* Build configuration list for PBXNativeTarget "ATT考勤UITests" */ = {
			isa = XCConfigurationList;
			buildConfigurations = (
				7928BD9D1E0273A4009BB0B4 /* Debug */,
				7928BD9E1E0273A4009BB0B4 /* Release */,
			);
			defaultConfigurationIsVisible = 0;
		};
/* End XCConfigurationList section */
	};
	rootObject = 7928BD611E0273A4009BB0B4 /* Project object */;
}
